// !$*UTF8*$!
{
	archiveVersion = 1;
	classes = {
	};
	objectVersion = 50;
	objects = {

/* Begin PBXBuildFile section */
		883EBF09265579D5004EEE38 /* CDLoginRegistrationApp.swift in Sources */ = {isa = PBXBuildFile; fileRef = 883EBF08265579D5004EEE38 /* CDLoginRegistrationApp.swift */; };
		883EBF0B265579D5004EEE38 /* LoginView.swift in Sources */ = {isa = PBXBuildFile; fileRef = 883EBF0A265579D5004EEE38 /* LoginView.swift */; };
		883EBF0D265579D6004EEE38 /* Assets.xcassets in Resources */ = {isa = PBXBuildFile; fileRef = 883EBF0C265579D6004EEE38 /* Assets.xcassets */; };
		883EBF10265579D6004EEE38 /* Preview Assets.xcassets in Resources */ = {isa = PBXBuildFile; fileRef = 883EBF0F265579D6004EEE38 /* Preview Assets.xcassets */; };
		883EBF1826558651004EEE38 /* RegisterView.swift in Sources */ = {isa = PBXBuildFile; fileRef = 883EBF1726558651004EEE38 /* RegisterView.swift */; };
		883EBF1A26558CA9004EEE38 /* SuccessView.swift in Sources */ = {isa = PBXBuildFile; fileRef = 883EBF1926558CA9004EEE38 /* SuccessView.swift */; };
		883EBF1F26558E55004EEE38 /* PersistenceController.swift in Sources */ = {isa = PBXBuildFile; fileRef = 883EBF1E26558E55004EEE38 /* PersistenceController.swift */; };
		883EBF242655A3F9004EEE38 /* LoginRegistrationModel.xcdatamodeld in Sources */ = {isa = PBXBuildFile; fileRef = 883EBF222655A3F9004EEE38 /* LoginRegistrationModel.xcdatamodeld */; };
		888C34672655E8A5002B44AB /* EditView.swift in Sources */ = {isa = PBXBuildFile; fileRef = 888C34662655E8A5002B44AB /* EditView.swift */; };
		888C34692655E9A5002B44AB /* UserView.swift in Sources */ = {isa = PBXBuildFile; fileRef = 888C34682655E9A5002B44AB /* UserView.swift */; };
/* End PBXBuildFile section */

/* Begin PBXFileReference section */
		883EBF05265579D5004EEE38 /* CDLoginRegistration.app */ = {isa = PBXFileReference; explicitFileType = wrapper.application; includeInIndex = 0; path = CDLoginRegistration.app; sourceTree = BUILT_PRODUCTS_DIR; };
		883EBF08265579D5004EEE38 /* CDLoginRegistrationApp.swift */ = {isa = PBXFileReference; lastKnownFileType = sourcecode.swift; path = CDLoginRegistrationApp.swift; sourceTree = "<group>"; };
		883EBF0A265579D5004EEE38 /* LoginView.swift */ = {isa = PBXFileReference; lastKnownFileType = sourcecode.swift; path = LoginView.swift; sourceTree = "<group>"; };
		883EBF0C265579D6004EEE38 /* Assets.xcassets */ = {isa = PBXFileReference; lastKnownFileType = folder.assetcatalog; path = Assets.xcassets; sourceTree = "<group>"; };
		883EBF0F265579D6004EEE38 /* Preview Assets.xcassets */ = {isa = PBXFileReference; lastKnownFileType = folder.assetcatalog; path = "Preview Assets.xcassets"; sourceTree = "<group>"; };
		883EBF11265579D6004EEE38 /* Info.plist */ = {isa = PBXFileReference; lastKnownFileType = text.plist.xml; path = Info.plist; sourceTree = "<group>"; };
		883EBF1726558651004EEE38 /* RegisterView.swift */ = {isa = PBXFileReference; lastKnownFileType = sourcecode.swift; path = RegisterView.swift; sourceTree = "<group>"; };
		883EBF1926558CA9004EEE38 /* SuccessView.swift */ = {isa = PBXFileReference; lastKnownFileType = sourcecode.swift; path = SuccessView.swift; sourceTree = "<group>"; };
		883EBF1E26558E55004EEE38 /* PersistenceController.swift */ = {isa = PBXFileReference; lastKnownFileType = sourcecode.swift; path = PersistenceController.swift; sourceTree = "<group>"; };
		883EBF232655A3F9004EEE38 /* LoginRegistrationModel.xcdatamodel */ = {isa = PBXFileReference; lastKnownFileType = wrapper.xcdatamodel; path = LoginRegistrationModel.xcdatamodel; sourceTree = "<group>"; };
		888C34662655E8A5002B44AB /* EditView.swift */ = {isa = PBXFileReference; lastKnownFileType = sourcecode.swift; path = EditView.swift; sourceTree = "<group>"; };
		888C34682655E9A5002B44AB /* UserView.swift */ = {isa = PBXFileReference; lastKnownFileType = sourcecode.swift; path = UserView.swift; sourceTree = "<group>"; };
/* End PBXFileReference section */

/* Begin PBXFrameworksBuildPhase section */
		883EBF02265579D5004EEE38 /* Frameworks */ = {
			isa = PBXFrameworksBuildPhase;
			buildActionMask = 2147483647;
			files = (
			);
			runOnlyForDeploymentPostprocessing = 0;
		};
/* End PBXFrameworksBuildPhase section */

/* Begin PBXGroup section */
		883EBEFC265579D5004EEE38 = {
			isa = PBXGroup;
			children = (
				883EBF07265579D5004EEE38 /* CDLoginRegistration */,
				883EBF06265579D5004EEE38 /* Products */,
			);
			sourceTree = "<group>";
		};
		883EBF06265579D5004EEE38 /* Products */ = {
			isa = PBXGroup;
			children = (
				883EBF05265579D5004EEE38 /* CDLoginRegistration.app */,
			);
			name = Products;
			sourceTree = "<group>";
		};
		883EBF07265579D5004EEE38 /* CDLoginRegistration */ = {
			isa = PBXGroup;
			children = (
				883EBF08265579D5004EEE38 /* CDLoginRegistrationApp.swift */,
				883EBF222655A3F9004EEE38 /* LoginRegistrationModel.xcdatamodeld */,
				883EBF2126558EBB004EEE38 /* Controllers */,
				883EBF2026558E9A004EEE38 /* Views */,
				883EBF0C265579D6004EEE38 /* Assets.xcassets */,
				883EBF11265579D6004EEE38 /* Info.plist */,
				883EBF0E265579D6004EEE38 /* Preview Content */,
			);
			path = CDLoginRegistration;
			sourceTree = "<group>";
		};
		883EBF0E265579D6004EEE38 /* Preview Content */ = {
			isa = PBXGroup;
			children = (
				883EBF0F265579D6004EEE38 /* Preview Assets.xcassets */,
			);
			path = "Preview Content";
			sourceTree = "<group>";
		};
		883EBF2026558E9A004EEE38 /* Views */ = {
			isa = PBXGroup;
			children = (
				883EBF0A265579D5004EEE38 /* LoginView.swift */,
				883EBF1726558651004EEE38 /* RegisterView.swift */,
				883EBF1926558CA9004EEE38 /* SuccessView.swift */,
				888C34682655E9A5002B44AB /* UserView.swift */,
				888C34662655E8A5002B44AB /* EditView.swift */,
			);
			path = Views;
			sourceTree = "<group>";
		};
		883EBF2126558EBB004EEE38 /* Controllers */ = {
			isa = PBXGroup;
			children = (
				883EBF1E26558E55004EEE38 /* PersistenceController.swift */,
			);
			path = Controllers;
			sourceTree = "<group>";
		};
/* End PBXGroup section */

/* Begin PBXNativeTarget section */
		883EBF04265579D5004EEE38 /* CDLoginRegistration */ = {
			isa = PBXNativeTarget;
			buildConfigurationList = 883EBF14265579D6004EEE38 /* Build configuration list for PBXNativeTarget "CDLoginRegistration" */;
			buildPhases = (
				883EBF01265579D5004EEE38 /* Sources */,
				883EBF02265579D5004EEE38 /* Frameworks */,
				883EBF03265579D5004EEE38 /* Resources */,
			);
			buildRules = (
			);
			dependencies = (
			);
			name = CDLoginRegistration;
			productName = CDLoginRegistration;
			productReference = 883EBF05265579D5004EEE38 /* CDLoginRegistration.app */;
			productType = "com.apple.product-type.application";
		};
/* End PBXNativeTarget section */

/* Begin PBXProject section */
		883EBEFD265579D5004EEE38 /* Project object */ = {
			isa = PBXProject;
			attributes = {
				LastSwiftUpdateCheck = 1250;
				LastUpgradeCheck = 1250;
				TargetAttributes = {
					883EBF04265579D5004EEE38 = {
						CreatedOnToolsVersion = 12.5;
					};
				};
			};
			buildConfigurationList = 883EBF00265579D5004EEE38 /* Build configuration list for PBXProject "CDLoginRegistration" */;
			compatibilityVersion = "Xcode 9.3";
			developmentRegion = en;
			hasScannedForEncodings = 0;
			knownRegions = (
				en,
				Base,
			);
			mainGroup = 883EBEFC265579D5004EEE38;
			productRefGroup = 883EBF06265579D5004EEE38 /* Products */;
			projectDirPath = "";
			projectRoot = "";
			targets = (
				883EBF04265579D5004EEE38 /* CDLoginRegistration */,
			);
		};
/* End PBXProject section */

/* Begin PBXResourcesBuildPhase section */
		883EBF03265579D5004EEE38 /* Resources */ = {
			isa = PBXResourcesBuildPhase;
			buildActionMask = 2147483647;
			files = (
				883EBF10265579D6004EEE38 /* Preview Assets.xcassets in Resources */,
				883EBF0D265579D6004EEE38 /* Assets.xcassets in Resources */,
			);
			runOnlyForDeploymentPostprocessing = 0;
		};
/* End PBXResourcesBuildPhase section */

/* Begin PBXSourcesBuildPhase section */
		883EBF01265579D5004EEE38 /* Sources */ = {
			isa = PBXSourcesBuildPhase;
			buildActionMask = 2147483647;
			files = (
				883EBF242655A3F9004EEE38 /* LoginRegistrationModel.xcdatamodeld in Sources */,
				883EBF1A26558CA9004EEE38 /* SuccessView.swift in Sources */,
				883EBF1826558651004EEE38 /* RegisterView.swift in Sources */,
				888C34692655E9A5002B44AB /* UserView.swift in Sources */,
				883EBF0B265579D5004EEE38 /* LoginView.swift in Sources */,
				888C34672655E8A5002B44AB /* EditView.swift in Sources */,
				883EBF1F26558E55004EEE38 /* PersistenceController.swift in Sources */,
				883EBF09265579D5004EEE38 /* CDLoginRegistrationApp.swift in Sources */,
			);
			runOnlyForDeploymentPostprocessing = 0;
		};
/* End PBXSourcesBuildPhase section */

/* Begin XCBuildConfiguration section */
		883EBF12265579D6004EEE38 /* Debug */ = {
			isa = XCBuildConfiguration;
			buildSettings = {
				ALWAYS_SEARCH_USER_PATHS = NO;
				CLANG_ANALYZER_NONNULL = YES;
				CLANG_ANALYZER_NUMBER_OBJECT_CONVERSION = YES_AGGRESSIVE;
				CLANG_CXX_LANGUAGE_STANDARD = "gnu++14";
				CLANG_CXX_LIBRARY = "libc++";
				CLANG_ENABLE_MODULES = YES;
				CLANG_ENABLE_OBJC_ARC = YES;
				CLANG_ENABLE_OBJC_WEAK = YES;
				CLANG_WARN_BLOCK_CAPTURE_AUTORELEASING = YES;
				CLANG_WARN_BOOL_CONVERSION = YES;
				CLANG_WARN_COMMA = YES;
				CLANG_WARN_CONSTANT_CONVERSION = YES;
				CLANG_WARN_DEPRECATED_OBJC_IMPLEMENTATIONS = YES;
				CLANG_WARN_DIRECT_OBJC_ISA_USAGE = YES_ERROR;
				CLANG_WARN_DOCUMENTATION_COMMENTS = YES;
				CLANG_WARN_EMPTY_BODY = YES;
				CLANG_WARN_ENUM_CONVERSION = YES;
				CLANG_WARN_INFINITE_RECURSION = YES;
				CLANG_WARN_INT_CONVERSION = YES;
				CLANG_WARN_NON_LITERAL_NULL_CONVERSION = YES;
				CLANG_WARN_OBJC_IMPLICIT_RETAIN_SELF = YES;
				CLANG_WARN_OBJC_LITERAL_CONVERSION = YES;
				CLANG_WARN_OBJC_ROOT_CLASS = YES_ERROR;
				CLANG_WARN_QUOTED_INCLUDE_IN_FRAMEWORK_HEADER = YES;
				CLANG_WARN_RANGE_LOOP_ANALYSIS = YES;
				CLANG_WARN_STRICT_PROTOTYPES = YES;
				CLANG_WARN_SUSPICIOUS_MOVE = YES;
				CLANG_WARN_UNGUARDED_AVAILABILITY = YES_AGGRESSIVE;
				CLANG_WARN_UNREACHABLE_CODE = YES;
				CLANG_WARN__DUPLICATE_METHOD_MATCH = YES;
				COPY_PHASE_STRIP = NO;
				DEBUG_INFORMATION_FORMAT = dwarf;
				ENABLE_STRICT_OBJC_MSGSEND = YES;
				ENABLE_TESTABILITY = YES;
				GCC_C_LANGUAGE_STANDARD = gnu11;
				GCC_DYNAMIC_NO_PIC = NO;
				GCC_NO_COMMON_BLOCKS = YES;
				GCC_OPTIMIZATION_LEVEL = 0;
				GCC_PREPROCESSOR_DEFINITIONS = (
					"DEBUG=1",
					"$(inherited)",
				);
				GCC_WARN_64_TO_32_BIT_CONVERSION = YES;
				GCC_WARN_ABOUT_RETURN_TYPE = YES_ERROR;
				GCC_WARN_UNDECLARED_SELECTOR = YES;
				GCC_WARN_UNINITIALIZED_AUTOS = YES_AGGRESSIVE;
				GCC_WARN_UNUSED_FUNCTION = YES;
				GCC_WARN_UNUSED_VARIABLE = YES;
				IPHONEOS_DEPLOYMENT_TARGET = 14.5;
				MTL_ENABLE_DEBUG_INFO = INCLUDE_SOURCE;
				MTL_FAST_MATH = YES;
				ONLY_ACTIVE_ARCH = YES;
				SDKROOT = iphoneos;
				SWIFT_ACTIVE_COMPILATION_CONDITIONS = DEBUG;
				SWIFT_OPTIMIZATION_LEVEL = "-Onone";
			};
			name = Debug;
		};
		883EBF13265579D6004EEE38 /* Release */ = {
			isa = XCBuildConfiguration;
			buildSettings = {
				ALWAYS_SEARCH_USER_PATHS = NO;
				CLANG_ANALYZER_NONNULL = YES;
				CLANG_ANALYZER_NUMBER_OBJECT_CONVERSION = YES_AGGRESSIVE;
				CLANG_CXX_LANGUAGE_STANDARD = "gnu++14";
				CLANG_CXX_LIBRARY = "libc++";
				CLANG_ENABLE_MODULES = YES;
				CLANG_ENABLE_OBJC_ARC = YES;
				CLANG_ENABLE_OBJC_WEAK = YES;
				CLANG_WARN_BLOCK_CAPTURE_AUTORELEASING = YES;
				CLANG_WARN_BOOL_CONVERSION = YES;
				CLANG_WARN_COMMA = YES;
				CLANG_WARN_CONSTANT_CONVERSION = YES;
				CLANG_WARN_DEPRECATED_OBJC_IMPLEMENTATIONS = YES;
				CLANG_WARN_DIRECT_OBJC_ISA_USAGE = YES_ERROR;
				CLANG_WARN_DOCUMENTATION_COMMENTS = YES;
				CLANG_WARN_EMPTY_BODY = YES;
				CLANG_WARN_ENUM_CONVERSION = YES;
				CLANG_WARN_INFINITE_RECURSION = YES;
				CLANG_WARN_INT_CONVERSION = YES;
				CLANG_WARN_NON_LITERAL_NULL_CONVERSION = YES;
				CLANG_WARN_OBJC_IMPLICIT_RETAIN_SELF = YES;
				CLANG_WARN_OBJC_LITERAL_CONVERSION = YES;
				CLANG_WARN_OBJC_ROOT_CLASS = YES_ERROR;
				CLANG_WARN_QUOTED_INCLUDE_IN_FRAMEWORK_HEADER = YES;
				CLANG_WARN_RANGE_LOOP_ANALYSIS = YES;
				CLANG_WARN_STRICT_PROTOTYPES = YES;
				CLANG_WARN_SUSPICIOUS_MOVE = YES;
				CLANG_WARN_UNGUARDED_AVAILABILITY = YES_AGGRESSIVE;
				CLANG_WARN_UNREACHABLE_CODE = YES;
				CLANG_WARN__DUPLICATE_METHOD_MATCH = YES;
				COPY_PHASE_STRIP = NO;
				DEBUG_INFORMATION_FORMAT = "dwarf-with-dsym";
				ENABLE_NS_ASSERTIONS = NO;
				ENABLE_STRICT_OBJC_MSGSEND = YES;
				GCC_C_LANGUAGE_STANDARD = gnu11;
				GCC_NO_COMMON_BLOCKS = YES;
				GCC_WARN_64_TO_32_BIT_CONVERSION = YES;
				GCC_WARN_ABOUT_RETURN_TYPE = YES_ERROR;
				GCC_WARN_UNDECLARED_SELECTOR = YES;
				GCC_WARN_UNINITIALIZED_AUTOS = YES_AGGRESSIVE;
				GCC_WARN_UNUSED_FUNCTION = YES;
				GCC_WARN_UNUSED_VARIABLE = YES;
				IPHONEOS_DEPLOYMENT_TARGET = 14.5;
				MTL_ENABLE_DEBUG_INFO = NO;
				MTL_FAST_MATH = YES;
				SDKROOT = iphoneos;
				SWIFT_COMPILATION_MODE = wholemodule;
				SWIFT_OPTIMIZATION_LEVEL = "-O";
				VALIDATE_PRODUCT = YES;
			};
			name = Release;
		};
		883EBF15265579D6004EEE38 /* Debug */ = {
			isa = XCBuildConfiguration;
			buildSettings = {
				ASSETCATALOG_COMPILER_APPICON_NAME = AppIcon;
				ASSETCATALOG_COMPILER_GLOBAL_ACCENT_COLOR_NAME = AccentColor;
				CODE_SIGN_STYLE = Automatic;
				DEVELOPMENT_ASSET_PATHS = "\"CDLoginRegistration/Preview Content\"";
				ENABLE_PREVIEWS = YES;
				INFOPLIST_FILE = CDLoginRegistration/Info.plist;
				IPHONEOS_DEPLOYMENT_TARGET = 14.0;
				LD_RUNPATH_SEARCH_PATHS = (
					"$(inherited)",
					"@executable_path/Frameworks",
				);
				PRODUCT_BUNDLE_IDENTIFIER = com.sapientTechnologies.CDLoginRegistration;
				PRODUCT_NAME = "$(TARGET_NAME)";
				SWIFT_VERSION = 5.0;
				TARGETED_DEVICE_FAMILY = "1,2";
			};
			name = Debug;
		};
		883EBF16265579D6004EEE38 /* Release */ = {
			isa = XCBuildConfiguration;
			buildSettings = {
				ASSETCATALOG_COMPILER_APPICON_NAME = AppIcon;
				ASSETCATALOG_COMPILER_GLOBAL_ACCENT_COLOR_NAME = AccentColor;
				CODE_SIGN_STYLE = Automatic;
				DEVELOPMENT_ASSET_PATHS = "\"CDLoginRegistration/Preview Content\"";
				ENABLE_PREVIEWS = YES;
				INFOPLIST_FILE = CDLoginRegistration/Info.plist;
				IPHONEOS_DEPLOYMENT_TARGET = 14.0;
				LD_RUNPATH_SEARCH_PATHS = (
					"$(inherited)",
					"@executable_path/Frameworks",
				);
				PRODUCT_BUNDLE_IDENTIFIER = com.sapientTechnologies.CDLoginRegistration;
				PRODUCT_NAME = "$(TARGET_NAME)";
				SWIFT_VERSION = 5.0;
				TARGETED_DEVICE_FAMILY = "1,2";
			};
			name = Release;
		};
/* End XCBuildConfiguration section */

/* Begin XCConfigurationList section */
		883EBF00265579D5004EEE38 /* Build configuration list for PBXProject "CDLoginRegistration" */ = {
			isa = XCConfigurationList;
			buildConfigurations = (
				883EBF12265579D6004EEE38 /* Debug */,
				883EBF13265579D6004EEE38 /* Release */,
			);
			defaultConfigurationIsVisible = 0;
			defaultConfigurationName = Release;
		};
		883EBF14265579D6004EEE38 /* Build configuration list for PBXNativeTarget "CDLoginRegistration" */ = {
			isa = XCConfigurationList;
			buildConfigurations = (
				883EBF15265579D6004EEE38 /* Debug */,
				883EBF16265579D6004EEE38 /* Release */,
			);
			defaultConfigurationIsVisible = 0;
			defaultConfigurationName = Release;
		};
/* End XCConfigurationList section */

/* Begin XCVersionGroup section */
		883EBF222655A3F9004EEE38 /* LoginRegistrationModel.xcdatamodeld */ = {
			isa = XCVersionGroup;
			children = (
				883EBF232655A3F9004EEE38 /* LoginRegistrationModel.xcdatamodel */,
			);
			currentVersion = 883EBF232655A3F9004EEE38 /* LoginRegistrationModel.xcdatamodel */;
			name = LoginRegistrationModel.xcdatamodeld;
			path = Views/LoginRegistrationModel.xcdatamodeld;
			sourceTree = "<group>";
			versionGroupType = wrapper.xcdatamodel;
		};
/* End XCVersionGroup section */
	};
	rootObject = 883EBEFD265579D5004EEE38 /* Project object */;
}
